
Microsoft Visual Studio Solution File, Format Version 12.00
# Visual Studio Version 17
VisualStudioVersion = 17.7.34024.191
MinimumVisualStudioVersion = 10.0.40219.1
Project("{FAE04EC0-301F-11D3-BF4B-00C04F79EFBC}") = "V2UnEngine", "V2UnEngine.csproj", "{37073000-B33D-4802-A5FC-411274461F10}"
EndProject
Project("{FAE04EC0-301F-11D3-BF4B-00C04F79EFBC}") = "IOC.CDS.Cmd", "..\IOC.CDS.Cmd\IOC.CDS.Cmd.csproj", "{C39B5335-67B0-4894-A163-CB875B342A70}"
EndProject
Project("{FAE04EC0-301F-11D3-BF4B-00C04F79EFBC}") = "IOC.CDS.UnEngine", "..\IOC.CDS.UnEngine\IOC.CDS.UnEngine.csproj", "{20D15A7A-4531-42E2-BA12-38ECBF3182C4}"
EndProject
Global
	GlobalSection(SolutionConfigurationPlatforms) = preSolution
		Debug|Any CPU = Debug|Any CPU
		Release|Any CPU = Release|Any CPU
	EndGlobalSection
	GlobalSection(ProjectConfigurationPlatforms) = postSolution
		{37073000-B33D-4802-A5FC-411274461F10}.Debug|Any CPU.ActiveCfg = Debug|Any CPU
		{37073000-B33D-4802-A5FC-411274461F10}.Debug|Any CPU.Build.0 = Debug|Any CPU
		{37073000-B33D-4802-A5FC-411274461F10}.Release|Any CPU.ActiveCfg = Release|Any CPU
		{37073000-B33D-4802-A5FC-411274461F10}.Release|Any CPU.Build.0 = Release|Any CPU
		{C39B5335-67B0-4894-A163-CB875B342A70}.Debug|Any CPU.ActiveCfg = Debug|Any CPU
		{C39B5335-67B0-4894-A163-CB875B342A70}.Debug|Any CPU.Build.0 = Debug|Any CPU
		{C39B5335-67B0-4894-A163-CB875B342A70}.Release|Any CPU.ActiveCfg = Release|Any CPU
		{C39B5335-67B0-4894-A163-CB875B342A70}.Release|Any CPU.Build.0 = Release|Any CPU
		{20D15A7A-4531-42E2-BA12-38ECBF3182C4}.Debug|Any CPU.ActiveCfg = Debug|Any CPU
		{20D15A7A-4531-42E2-BA12-38ECBF3182C4}.Debug|Any CPU.Build.0 = Debug|Any CPU
		{20D15A7A-4531-42E2-BA12-38ECBF3182C4}.Release|Any CPU.ActiveCfg = Release|Any CPU
		{20D15A7A-4531-42E2-BA12-38ECBF3182C4}.Release|Any CPU.Build.0 = Release|Any CPU
	EndGlobalSection
	GlobalSection(SolutionProperties) = preSolution
		HideSolutionNode = FALSE
	EndGlobalSection
	GlobalSection(ExtensibilityGlobals) = postSolution
		SolutionGuid = {4A3247EE-F850-44C9-AEF8-949388F10928}
	EndGlobalSection
EndGlobal
